// !$*UTF8*$!
{
	archiveVersion = 1;
	classes = {
	};
	objectVersion = 56;
	objects = {

/* Begin PBXBuildFile section */
		DCFA9CAA2A803B1A0074B3A5 /* AppDelegate.swift in Sources */ = {isa = PBXBuildFile; fileRef = DCFA9CA92A803B1A0074B3A5 /* AppDelegate.swift */; };
		DCFA9CAE2A803B1A0074B3A5 /* ViewController.swift in Sources */ = {isa = PBXBuildFile; fileRef = DCFA9CAD2A803B1A0074B3A5 /* ViewController.swift */; };
		DCFA9CB12A803B1A0074B3A5 /* Main.storyboard in Resources */ = {isa = PBXBuildFile; fileRef = DCFA9CAF2A803B1A0074B3A5 /* Main.storyboard */; };
		DCFA9CB42A803B1A0074B3A5 /* iOS_Exam.xcdatamodeld in Sources */ = {isa = PBXBuildFile; fileRef = DCFA9CB22A803B1A0074B3A5 /* iOS_Exam.xcdatamodeld */; };
		DCFA9CB62A803B1B0074B3A5 /* Assets.xcassets in Resources */ = {isa = PBXBuildFile; fileRef = DCFA9CB52A803B1B0074B3A5 /* Assets.xcassets */; };
		DCFA9CB92A803B1B0074B3A5 /* LaunchScreen.storyboard in Resources */ = {isa = PBXBuildFile; fileRef = DCFA9CB72A803B1B0074B3A5 /* LaunchScreen.storyboard */; };
		DCFA9CC42A803B1C0074B3A5 /* iOS_ExamTests.swift in Sources */ = {isa = PBXBuildFile; fileRef = DCFA9CC32A803B1C0074B3A5 /* iOS_ExamTests.swift */; };
		DCFA9CCE2A803B1C0074B3A5 /* iOS_ExamUITests.swift in Sources */ = {isa = PBXBuildFile; fileRef = DCFA9CCD2A803B1C0074B3A5 /* iOS_ExamUITests.swift */; };
		DCFA9CD02A803B1C0074B3A5 /* iOS_ExamUITestsLaunchTests.swift in Sources */ = {isa = PBXBuildFile; fileRef = DCFA9CCF2A803B1C0074B3A5 /* iOS_ExamUITestsLaunchTests.swift */; };
		DCFA9CDE2A803BB60074B3A5 /* Persistence.swift in Sources */ = {isa = PBXBuildFile; fileRef = DCFA9CDD2A803BB60074B3A5 /* Persistence.swift */; };
		DCFA9CE02A803BEA0074B3A5 /* PersistentStorage.swift in Sources */ = {isa = PBXBuildFile; fileRef = DCFA9CDF2A803BEA0074B3A5 /* PersistentStorage.swift */; };
		DCFA9CE32A803C5D0074B3A5 /* Log.swift in Sources */ = {isa = PBXBuildFile; fileRef = DCFA9CE22A803C5D0074B3A5 /* Log.swift */; };
		DCFA9CE72A803D3B0074B3A5 /* ManagedObjectContext+extension.swift in Sources */ = {isa = PBXBuildFile; fileRef = DCFA9CE62A803D3B0074B3A5 /* ManagedObjectContext+extension.swift */; };
/* End PBXBuildFile section */

/* Begin PBXContainerItemProxy section */
		DCFA9CC02A803B1C0074B3A5 /* PBXContainerItemProxy */ = {
			isa = PBXContainerItemProxy;
			containerPortal = DCFA9C9E2A803B1A0074B3A5 /* Project object */;
			proxyType = 1;
			remoteGlobalIDString = DCFA9CA52A803B1A0074B3A5;
			remoteInfo = "iOS-Exam";
		};
		DCFA9CCA2A803B1C0074B3A5 /* PBXContainerItemProxy */ = {
			isa = PBXContainerItemProxy;
			containerPortal = DCFA9C9E2A803B1A0074B3A5 /* Project object */;
			proxyType = 1;
			remoteGlobalIDString = DCFA9CA52A803B1A0074B3A5;
			remoteInfo = "iOS-Exam";
		};
/* End PBXContainerItemProxy section */

/* Begin PBXFileReference section */
		DCFA9CA62A803B1A0074B3A5 /* iOS-Exam.app */ = {isa = PBXFileReference; explicitFileType = wrapper.application; includeInIndex = 0; path = "iOS-Exam.app"; sourceTree = BUILT_PRODUCTS_DIR; };
		DCFA9CA92A803B1A0074B3A5 /* AppDelegate.swift */ = {isa = PBXFileReference; lastKnownFileType = sourcecode.swift; path = AppDelegate.swift; sourceTree = "<group>"; };
		DCFA9CAD2A803B1A0074B3A5 /* ViewController.swift */ = {isa = PBXFileReference; lastKnownFileType = sourcecode.swift; path = ViewController.swift; sourceTree = "<group>"; };
		DCFA9CB02A803B1A0074B3A5 /* Base */ = {isa = PBXFileReference; lastKnownFileType = file.storyboard; name = Base; path = Base.lproj/Main.storyboard; sourceTree = "<group>"; };
		DCFA9CB32A803B1A0074B3A5 /* iOS_Exam.xcdatamodel */ = {isa = PBXFileReference; lastKnownFileType = wrapper.xcdatamodel; path = iOS_Exam.xcdatamodel; sourceTree = "<group>"; };
		DCFA9CB52A803B1B0074B3A5 /* Assets.xcassets */ = {isa = PBXFileReference; lastKnownFileType = folder.assetcatalog; path = Assets.xcassets; sourceTree = "<group>"; };
		DCFA9CB82A803B1B0074B3A5 /* Base */ = {isa = PBXFileReference; lastKnownFileType = file.storyboard; name = Base; path = Base.lproj/LaunchScreen.storyboard; sourceTree = "<group>"; };
		DCFA9CBA2A803B1B0074B3A5 /* Info.plist */ = {isa = PBXFileReference; lastKnownFileType = text.plist.xml; path = Info.plist; sourceTree = "<group>"; };
		DCFA9CBF2A803B1C0074B3A5 /* iOS-ExamTests.xctest */ = {isa = PBXFileReference; explicitFileType = wrapper.cfbundle; includeInIndex = 0; path = "iOS-ExamTests.xctest"; sourceTree = BUILT_PRODUCTS_DIR; };
		DCFA9CC32A803B1C0074B3A5 /* iOS_ExamTests.swift */ = {isa = PBXFileReference; lastKnownFileType = sourcecode.swift; path = iOS_ExamTests.swift; sourceTree = "<group>"; };
		DCFA9CC92A803B1C0074B3A5 /* iOS-ExamUITests.xctest */ = {isa = PBXFileReference; explicitFileType = wrapper.cfbundle; includeInIndex = 0; path = "iOS-ExamUITests.xctest"; sourceTree = BUILT_PRODUCTS_DIR; };
		DCFA9CCD2A803B1C0074B3A5 /* iOS_ExamUITests.swift */ = {isa = PBXFileReference; lastKnownFileType = sourcecode.swift; path = iOS_ExamUITests.swift; sourceTree = "<group>"; };
		DCFA9CCF2A803B1C0074B3A5 /* iOS_ExamUITestsLaunchTests.swift */ = {isa = PBXFileReference; lastKnownFileType = sourcecode.swift; path = iOS_ExamUITestsLaunchTests.swift; sourceTree = "<group>"; };
		DCFA9CDD2A803BB60074B3A5 /* Persistence.swift */ = {isa = PBXFileReference; lastKnownFileType = sourcecode.swift; path = Persistence.swift; sourceTree = "<group>"; };
		DCFA9CDF2A803BEA0074B3A5 /* PersistentStorage.swift */ = {isa = PBXFileReference; lastKnownFileType = sourcecode.swift; path = PersistentStorage.swift; sourceTree = "<group>"; };
		DCFA9CE22A803C5D0074B3A5 /* Log.swift */ = {isa = PBXFileReference; lastKnownFileType = sourcecode.swift; path = Log.swift; sourceTree = "<group>"; };
		DCFA9CE42A803CCD0074B3A5 /* iOS-Exam.entitlements */ = {isa = PBXFileReference; lastKnownFileType = text.plist.entitlements; path = "iOS-Exam.entitlements"; sourceTree = "<group>"; };
		DCFA9CE62A803D3B0074B3A5 /* ManagedObjectContext+extension.swift */ = {isa = PBXFileReference; lastKnownFileType = sourcecode.swift; path = "ManagedObjectContext+extension.swift"; sourceTree = "<group>"; };
/* End PBXFileReference section */

/* Begin PBXFrameworksBuildPhase section */
		DCFA9CA32A803B1A0074B3A5 /* Frameworks */ = {
			isa = PBXFrameworksBuildPhase;
			buildActionMask = 2147483647;
			files = (
			);
			runOnlyForDeploymentPostprocessing = 0;
		};
		DCFA9CBC2A803B1C0074B3A5 /* Frameworks */ = {
			isa = PBXFrameworksBuildPhase;
			buildActionMask = 2147483647;
			files = (
			);
			runOnlyForDeploymentPostprocessing = 0;
		};
		DCFA9CC62A803B1C0074B3A5 /* Frameworks */ = {
			isa = PBXFrameworksBuildPhase;
			buildActionMask = 2147483647;
			files = (
			);
			runOnlyForDeploymentPostprocessing = 0;
		};
/* End PBXFrameworksBuildPhase section */

/* Begin PBXGroup section */
		DCFA9C9D2A803B1A0074B3A5 = {
			isa = PBXGroup;
			children = (
				DCFA9CA82A803B1A0074B3A5 /* iOS-Exam */,
				DCFA9CC22A803B1C0074B3A5 /* iOS-ExamTests */,
				DCFA9CCC2A803B1C0074B3A5 /* iOS-ExamUITests */,
				DCFA9CA72A803B1A0074B3A5 /* Products */,
			);
			sourceTree = "<group>";
		};
		DCFA9CA72A803B1A0074B3A5 /* Products */ = {
			isa = PBXGroup;
			children = (
				DCFA9CA62A803B1A0074B3A5 /* iOS-Exam.app */,
				DCFA9CBF2A803B1C0074B3A5 /* iOS-ExamTests.xctest */,
				DCFA9CC92A803B1C0074B3A5 /* iOS-ExamUITests.xctest */,
			);
			name = Products;
			sourceTree = "<group>";
		};
		DCFA9CA82A803B1A0074B3A5 /* iOS-Exam */ = {
			isa = PBXGroup;
			children = (
				DCFA9CE52A803D2E0074B3A5 /* Extensions */,
				DCFA9CE42A803CCD0074B3A5 /* iOS-Exam.entitlements */,
				DCFA9CE12A803C530074B3A5 /* Common */,
				DCFA9CDC2A803BA30074B3A5 /* Persistence */,
				DCFA9CA92A803B1A0074B3A5 /* AppDelegate.swift */,
				DCFA9CAD2A803B1A0074B3A5 /* ViewController.swift */,
				DCFA9CAF2A803B1A0074B3A5 /* Main.storyboard */,
				DCFA9CB52A803B1B0074B3A5 /* Assets.xcassets */,
				DCFA9CB72A803B1B0074B3A5 /* LaunchScreen.storyboard */,
				DCFA9CBA2A803B1B0074B3A5 /* Info.plist */,
				DCFA9CB22A803B1A0074B3A5 /* iOS_Exam.xcdatamodeld */,
			);
			path = "iOS-Exam";
			sourceTree = "<group>";
		};
		DCFA9CC22A803B1C0074B3A5 /* iOS-ExamTests */ = {
			isa = PBXGroup;
			children = (
				DCFA9CC32A803B1C0074B3A5 /* iOS_ExamTests.swift */,
			);
			path = "iOS-ExamTests";
			sourceTree = "<group>";
		};
		DCFA9CCC2A803B1C0074B3A5 /* iOS-ExamUITests */ = {
			isa = PBXGroup;
			children = (
				DCFA9CCD2A803B1C0074B3A5 /* iOS_ExamUITests.swift */,
				DCFA9CCF2A803B1C0074B3A5 /* iOS_ExamUITestsLaunchTests.swift */,
			);
			path = "iOS-ExamUITests";
			sourceTree = "<group>";
		};
		DCFA9CDC2A803BA30074B3A5 /* Persistence */ = {
			isa = PBXGroup;
			children = (
				DCFA9CDD2A803BB60074B3A5 /* Persistence.swift */,
				DCFA9CDF2A803BEA0074B3A5 /* PersistentStorage.swift */,
			);
			path = Persistence;
			sourceTree = "<group>";
		};
		DCFA9CE12A803C530074B3A5 /* Common */ = {
			isa = PBXGroup;
			children = (
				DCFA9CE22A803C5D0074B3A5 /* Log.swift */,
			);
			path = Common;
			sourceTree = "<group>";
		};
		DCFA9CE52A803D2E0074B3A5 /* Extensions */ = {
			isa = PBXGroup;
			children = (
				DCFA9CE62A803D3B0074B3A5 /* ManagedObjectContext+extension.swift */,
			);
			path = Extensions;
			sourceTree = "<group>";
		};
/* End PBXGroup section */

/* Begin PBXNativeTarget section */
		DCFA9CA52A803B1A0074B3A5 /* iOS-Exam */ = {
			isa = PBXNativeTarget;
			buildConfigurationList = DCFA9CD32A803B1C0074B3A5 /* Build configuration list for PBXNativeTarget "iOS-Exam" */;
			buildPhases = (
				DCFA9CA22A803B1A0074B3A5 /* Sources */,
				DCFA9CA32A803B1A0074B3A5 /* Frameworks */,
				DCFA9CA42A803B1A0074B3A5 /* Resources */,
			);
			buildRules = (
			);
			dependencies = (
			);
			name = "iOS-Exam";
			productName = "iOS-Exam";
			productReference = DCFA9CA62A803B1A0074B3A5 /* iOS-Exam.app */;
			productType = "com.apple.product-type.application";
		};
		DCFA9CBE2A803B1C0074B3A5 /* iOS-ExamTests */ = {
			isa = PBXNativeTarget;
			buildConfigurationList = DCFA9CD62A803B1C0074B3A5 /* Build configuration list for PBXNativeTarget "iOS-ExamTests" */;
			buildPhases = (
				DCFA9CBB2A803B1C0074B3A5 /* Sources */,
				DCFA9CBC2A803B1C0074B3A5 /* Frameworks */,
				DCFA9CBD2A803B1C0074B3A5 /* Resources */,
			);
			buildRules = (
			);
			dependencies = (
				DCFA9CC12A803B1C0074B3A5 /* PBXTargetDependency */,
			);
			name = "iOS-ExamTests";
			productName = "iOS-ExamTests";
			productReference = DCFA9CBF2A803B1C0074B3A5 /* iOS-ExamTests.xctest */;
			productType = "com.apple.product-type.bundle.unit-test";
		};
		DCFA9CC82A803B1C0074B3A5 /* iOS-ExamUITests */ = {
			isa = PBXNativeTarget;
			buildConfigurationList = DCFA9CD92A803B1C0074B3A5 /* Build configuration list for PBXNativeTarget "iOS-ExamUITests" */;
			buildPhases = (
				DCFA9CC52A803B1C0074B3A5 /* Sources */,
				DCFA9CC62A803B1C0074B3A5 /* Frameworks */,
				DCFA9CC72A803B1C0074B3A5 /* Resources */,
			);
			buildRules = (
			);
			dependencies = (
				DCFA9CCB2A803B1C0074B3A5 /* PBXTargetDependency */,
			);
			name = "iOS-ExamUITests";
			productName = "iOS-ExamUITests";
			productReference = DCFA9CC92A803B1C0074B3A5 /* iOS-ExamUITests.xctest */;
			productType = "com.apple.product-type.bundle.ui-testing";
		};
/* End PBXNativeTarget section */

/* Begin PBXProject section */
		DCFA9C9E2A803B1A0074B3A5 /* Project object */ = {
			isa = PBXProject;
			attributes = {
				BuildIndependentTargetsInParallel = 1;
				LastSwiftUpdateCheck = 1430;
				LastUpgradeCheck = 1430;
				TargetAttributes = {
					DCFA9CA52A803B1A0074B3A5 = {
						CreatedOnToolsVersion = 14.3;
					};
					DCFA9CBE2A803B1C0074B3A5 = {
						CreatedOnToolsVersion = 14.3;
						TestTargetID = DCFA9CA52A803B1A0074B3A5;
					};
					DCFA9CC82A803B1C0074B3A5 = {
						CreatedOnToolsVersion = 14.3;
						TestTargetID = DCFA9CA52A803B1A0074B3A5;
					};
				};
			};
			buildConfigurationList = DCFA9CA12A803B1A0074B3A5 /* Build configuration list for PBXProject "iOS-Exam" */;
			compatibilityVersion = "Xcode 14.0";
			developmentRegion = en;
			hasScannedForEncodings = 0;
			knownRegions = (
				en,
				Base,
			);
			mainGroup = DCFA9C9D2A803B1A0074B3A5;
			productRefGroup = DCFA9CA72A803B1A0074B3A5 /* Products */;
			projectDirPath = "";
			projectRoot = "";
			targets = (
				DCFA9CA52A803B1A0074B3A5 /* iOS-Exam */,
				DCFA9CBE2A803B1C0074B3A5 /* iOS-ExamTests */,
				DCFA9CC82A803B1C0074B3A5 /* iOS-ExamUITests */,
			);
		};
/* End PBXProject section */

/* Begin PBXResourcesBuildPhase section */
		DCFA9CA42A803B1A0074B3A5 /* Resources */ = {
			isa = PBXResourcesBuildPhase;
			buildActionMask = 2147483647;
			files = (
				DCFA9CB92A803B1B0074B3A5 /* LaunchScreen.storyboard in Resources */,
				DCFA9CB62A803B1B0074B3A5 /* Assets.xcassets in Resources */,
				DCFA9CB12A803B1A0074B3A5 /* Main.storyboard in Resources */,
			);
			runOnlyForDeploymentPostprocessing = 0;
		};
		DCFA9CBD2A803B1C0074B3A5 /* Resources */ = {
			isa = PBXResourcesBuildPhase;
			buildActionMask = 2147483647;
			files = (
			);
			runOnlyForDeploymentPostprocessing = 0;
		};
		DCFA9CC72A803B1C0074B3A5 /* Resources */ = {
			isa = PBXResourcesBuildPhase;
			buildActionMask = 2147483647;
			files = (
			);
			runOnlyForDeploymentPostprocessing = 0;
		};
/* End PBXResourcesBuildPhase section */

/* Begin PBXSourcesBuildPhase section */
		DCFA9CA22A803B1A0074B3A5 /* Sources */ = {
			isa = PBXSourcesBuildPhase;
			buildActionMask = 2147483647;
			files = (
				DCFA9CAE2A803B1A0074B3A5 /* ViewController.swift in Sources */,
				DCFA9CDE2A803BB60074B3A5 /* Persistence.swift in Sources */,
				DCFA9CE32A803C5D0074B3A5 /* Log.swift in Sources */,
				DCFA9CAA2A803B1A0074B3A5 /* AppDelegate.swift in Sources */,
				DCFA9CE72A803D3B0074B3A5 /* ManagedObjectContext+extension.swift in Sources */,
				DCFA9CE02A803BEA0074B3A5 /* PersistentStorage.swift in Sources */,
				DCFA9CB42A803B1A0074B3A5 /* iOS_Exam.xcdatamodeld in Sources */,
			);
			runOnlyForDeploymentPostprocessing = 0;
		};
		DCFA9CBB2A803B1C0074B3A5 /* Sources */ = {
			isa = PBXSourcesBuildPhase;
			buildActionMask = 2147483647;
			files = (
				DCFA9CC42A803B1C0074B3A5 /* iOS_ExamTests.swift in Sources */,
			);
			runOnlyForDeploymentPostprocessing = 0;
		};
		DCFA9CC52A803B1C0074B3A5 /* Sources */ = {
			isa = PBXSourcesBuildPhase;
			buildActionMask = 2147483647;
			files = (
				DCFA9CD02A803B1C0074B3A5 /* iOS_ExamUITestsLaunchTests.swift in Sources */,
				DCFA9CCE2A803B1C0074B3A5 /* iOS_ExamUITests.swift in Sources */,
			);
			runOnlyForDeploymentPostprocessing = 0;
		};
/* End PBXSourcesBuildPhase section */

/* Begin PBXTargetDependency section */
		DCFA9CC12A803B1C0074B3A5 /* PBXTargetDependency */ = {
			isa = PBXTargetDependency;
			target = DCFA9CA52A803B1A0074B3A5 /* iOS-Exam */;
			targetProxy = DCFA9CC02A803B1C0074B3A5 /* PBXContainerItemProxy */;
		};
		DCFA9CCB2A803B1C0074B3A5 /* PBXTargetDependency */ = {
			isa = PBXTargetDependency;
			target = DCFA9CA52A803B1A0074B3A5 /* iOS-Exam */;
			targetProxy = DCFA9CCA2A803B1C0074B3A5 /* PBXContainerItemProxy */;
		};
/* End PBXTargetDependency section */

/* Begin PBXVariantGroup section */
		DCFA9CAF2A803B1A0074B3A5 /* Main.storyboard */ = {
			isa = PBXVariantGroup;
			children = (
				DCFA9CB02A803B1A0074B3A5 /* Base */,
			);
			name = Main.storyboard;
			sourceTree = "<group>";
		};
		DCFA9CB72A803B1B0074B3A5 /* LaunchScreen.storyboard */ = {
			isa = PBXVariantGroup;
			children = (
				DCFA9CB82A803B1B0074B3A5 /* Base */,
			);
			name = LaunchScreen.storyboard;
			sourceTree = "<group>";
		};
/* End PBXVariantGroup section */

/* Begin XCBuildConfiguration section */
		DCFA9CD12A803B1C0074B3A5 /* Debug */ = {
			isa = XCBuildConfiguration;
			buildSettings = {
				ALWAYS_SEARCH_USER_PATHS = NO;
				CLANG_ANALYZER_NONNULL = YES;
				CLANG_ANALYZER_NUMBER_OBJECT_CONVERSION = YES_AGGRESSIVE;
				CLANG_CXX_LANGUAGE_STANDARD = "gnu++20";
				CLANG_ENABLE_MODULES = YES;
				CLANG_ENABLE_OBJC_ARC = YES;
				CLANG_ENABLE_OBJC_WEAK = YES;
				CLANG_WARN_BLOCK_CAPTURE_AUTORELEASING = YES;
				CLANG_WARN_BOOL_CONVERSION = YES;
				CLANG_WARN_COMMA = YES;
				CLANG_WARN_CONSTANT_CONVERSION = YES;
				CLANG_WARN_DEPRECATED_OBJC_IMPLEMENTATIONS = YES;
				CLANG_WARN_DIRECT_OBJC_ISA_USAGE = YES_ERROR;
				CLANG_WARN_DOCUMENTATION_COMMENTS = YES;
				CLANG_WARN_EMPTY_BODY = YES;
				CLANG_WARN_ENUM_CONVERSION = YES;
				CLANG_WARN_INFINITE_RECURSION = YES;
				CLANG_WARN_INT_CONVERSION = YES;
				CLANG_WARN_NON_LITERAL_NULL_CONVERSION = YES;
				CLANG_WARN_OBJC_IMPLICIT_RETAIN_SELF = YES;
				CLANG_WARN_OBJC_LITERAL_CONVERSION = YES;
				CLANG_WARN_OBJC_ROOT_CLASS = YES_ERROR;
				CLANG_WARN_QUOTED_INCLUDE_IN_FRAMEWORK_HEADER = YES;
				CLANG_WARN_RANGE_LOOP_ANALYSIS = YES;
				CLANG_WARN_STRICT_PROTOTYPES = YES;
				CLANG_WARN_SUSPICIOUS_MOVE = YES;
				CLANG_WARN_UNGUARDED_AVAILABILITY = YES_AGGRESSIVE;
				CLANG_WARN_UNREACHABLE_CODE = YES;
				CLANG_WARN__DUPLICATE_METHOD_MATCH = YES;
				COPY_PHASE_STRIP = NO;
				DEBUG_INFORMATION_FORMAT = dwarf;
				ENABLE_STRICT_OBJC_MSGSEND = YES;
				ENABLE_TESTABILITY = YES;
				GCC_C_LANGUAGE_STANDARD = gnu11;
				GCC_DYNAMIC_NO_PIC = NO;
				GCC_NO_COMMON_BLOCKS = YES;
				GCC_OPTIMIZATION_LEVEL = 0;
				GCC_PREPROCESSOR_DEFINITIONS = (
					"DEBUG=1",
					"$(inherited)",
				);
				GCC_WARN_64_TO_32_BIT_CONVERSION = YES;
				GCC_WARN_ABOUT_RETURN_TYPE = YES_ERROR;
				GCC_WARN_UNDECLARED_SELECTOR = YES;
				GCC_WARN_UNINITIALIZED_AUTOS = YES_AGGRESSIVE;
				GCC_WARN_UNUSED_FUNCTION = YES;
				GCC_WARN_UNUSED_VARIABLE = YES;
				IPHONEOS_DEPLOYMENT_TARGET = 16.4;
				MTL_ENABLE_DEBUG_INFO = INCLUDE_SOURCE;
				MTL_FAST_MATH = YES;
				ONLY_ACTIVE_ARCH = YES;
				SDKROOT = iphoneos;
				SWIFT_ACTIVE_COMPILATION_CONDITIONS = DEBUG;
				SWIFT_OPTIMIZATION_LEVEL = "-Onone";
			};
			name = Debug;
		};
		DCFA9CD22A803B1C0074B3A5 /* Release */ = {
			isa = XCBuildConfiguration;
			buildSettings = {
				ALWAYS_SEARCH_USER_PATHS = NO;
				CLANG_ANALYZER_NONNULL = YES;
				CLANG_ANALYZER_NUMBER_OBJECT_CONVERSION = YES_AGGRESSIVE;
				CLANG_CXX_LANGUAGE_STANDARD = "gnu++20";
				CLANG_ENABLE_MODULES = YES;
				CLANG_ENABLE_OBJC_ARC = YES;
				CLANG_ENABLE_OBJC_WEAK = YES;
				CLANG_WARN_BLOCK_CAPTURE_AUTORELEASING = YES;
				CLANG_WARN_BOOL_CONVERSION = YES;
				CLANG_WARN_COMMA = YES;
				CLANG_WARN_CONSTANT_CONVERSION = YES;
				CLANG_WARN_DEPRECATED_OBJC_IMPLEMENTATIONS = YES;
				CLANG_WARN_DIRECT_OBJC_ISA_USAGE = YES_ERROR;
				CLANG_WARN_DOCUMENTATION_COMMENTS = YES;
				CLANG_WARN_EMPTY_BODY = YES;
				CLANG_WARN_ENUM_CONVERSION = YES;
				CLANG_WARN_INFINITE_RECURSION = YES;
				CLANG_WARN_INT_CONVERSION = YES;
				CLANG_WARN_NON_LITERAL_NULL_CONVERSION = YES;
				CLANG_WARN_OBJC_IMPLICIT_RETAIN_SELF = YES;
				CLANG_WARN_OBJC_LITERAL_CONVERSION = YES;
				CLANG_WARN_OBJC_ROOT_CLASS = YES_ERROR;
				CLANG_WARN_QUOTED_INCLUDE_IN_FRAMEWORK_HEADER = YES;
				CLANG_WARN_RANGE_LOOP_ANALYSIS = YES;
				CLANG_WARN_STRICT_PROTOTYPES = YES;
				CLANG_WARN_SUSPICIOUS_MOVE = YES;
				CLANG_WARN_UNGUARDED_AVAILABILITY = YES_AGGRESSIVE;
				CLANG_WARN_UNREACHABLE_CODE = YES;
				CLANG_WARN__DUPLICATE_METHOD_MATCH = YES;
				COPY_PHASE_STRIP = NO;
				DEBUG_INFORMATION_FORMAT = "dwarf-with-dsym";
				ENABLE_NS_ASSERTIONS = NO;
				ENABLE_STRICT_OBJC_MSGSEND = YES;
				GCC_C_LANGUAGE_STANDARD = gnu11;
				GCC_NO_COMMON_BLOCKS = YES;
				GCC_WARN_64_TO_32_BIT_CONVERSION = YES;
				GCC_WARN_ABOUT_RETURN_TYPE = YES_ERROR;
				GCC_WARN_UNDECLARED_SELECTOR = YES;
				GCC_WARN_UNINITIALIZED_AUTOS = YES_AGGRESSIVE;
				GCC_WARN_UNUSED_FUNCTION = YES;
				GCC_WARN_UNUSED_VARIABLE = YES;
				IPHONEOS_DEPLOYMENT_TARGET = 16.4;
				MTL_ENABLE_DEBUG_INFO = NO;
				MTL_FAST_MATH = YES;
				SDKROOT = iphoneos;
				SWIFT_COMPILATION_MODE = wholemodule;
				SWIFT_OPTIMIZATION_LEVEL = "-O";
				VALIDATE_PRODUCT = YES;
			};
			name = Release;
		};
		DCFA9CD42A803B1C0074B3A5 /* Debug */ = {
			isa = XCBuildConfiguration;
			buildSettings = {
				ASSETCATALOG_COMPILER_APPICON_NAME = AppIcon;
				ASSETCATALOG_COMPILER_GLOBAL_ACCENT_COLOR_NAME = AccentColor;
				CODE_SIGN_ENTITLEMENTS = "iOS-Exam/iOS-Exam.entitlements";
				CODE_SIGN_STYLE = Automatic;
				CURRENT_PROJECT_VERSION = 1;
				DEVELOPMENT_TEAM = RPBNTY9AZ9;
				GENERATE_INFOPLIST_FILE = YES;
				INFOPLIST_FILE = "iOS-Exam/Info.plist";
				INFOPLIST_KEY_UIApplicationSupportsIndirectInputEvents = YES;
				INFOPLIST_KEY_UILaunchStoryboardName = LaunchScreen;
				INFOPLIST_KEY_UIMainStoryboardFile = Main;
				INFOPLIST_KEY_UISupportedInterfaceOrientations_iPad = "UIInterfaceOrientationPortrait UIInterfaceOrientationPortraitUpsideDown UIInterfaceOrientationLandscapeLeft UIInterfaceOrientationLandscapeRight";
				INFOPLIST_KEY_UISupportedInterfaceOrientations_iPhone = "UIInterfaceOrientationPortrait UIInterfaceOrientationLandscapeLeft UIInterfaceOrientationLandscapeRight";
				LD_RUNPATH_SEARCH_PATHS = (
					"$(inherited)",
					"@executable_path/Frameworks",
				);
				MARKETING_VERSION = 1.0;
				PRODUCT_BUNDLE_IDENTIFIER = "com.bryanposas.iOS-Exam";
				PRODUCT_NAME = "$(TARGET_NAME)";
				SWIFT_EMIT_LOC_STRINGS = YES;
				SWIFT_VERSION = 5.0;
				TARGETED_DEVICE_FAMILY = "1,2";
			};
			name = Debug;
		};
		DCFA9CD52A803B1C0074B3A5 /* Release */ = {
			isa = XCBuildConfiguration;
			buildSettings = {
				ASSETCATALOG_COMPILER_APPICON_NAME = AppIcon;
				ASSETCATALOG_COMPILER_GLOBAL_ACCENT_COLOR_NAME = AccentColor;
				CODE_SIGN_ENTITLEMENTS = "iOS-Exam/iOS-Exam.entitlements";
				CODE_SIGN_STYLE = Automatic;
				CURRENT_PROJECT_VERSION = 1;
				DEVELOPMENT_TEAM = RPBNTY9AZ9;
				GENERATE_INFOPLIST_FILE = YES;
				INFOPLIST_FILE = "iOS-Exam/Info.plist";
				INFOPLIST_KEY_UIApplicationSupportsIndirectInputEvents = YES;
				INFOPLIST_KEY_UILaunchStoryboardName = LaunchScreen;
				INFOPLIST_KEY_UIMainStoryboardFile = Main;
				INFOPLIST_KEY_UISupportedInterfaceOrientations_iPad = "UIInterfaceOrientationPortrait UIInterfaceOrientationPortraitUpsideDown UIInterfaceOrientationLandscapeLeft UIInterfaceOrientationLandscapeRight";
				INFOPLIST_KEY_UISupportedInterfaceOrientations_iPhone = "UIInterfaceOrientationPortrait UIInterfaceOrientationLandscapeLeft UIInterfaceOrientationLandscapeRight";
				LD_RUNPATH_SEARCH_PATHS = (
					"$(inherited)",
					"@executable_path/Frameworks",
				);
				MARKETING_VERSION = 1.0;
				PRODUCT_BUNDLE_IDENTIFIER = "com.bryanposas.iOS-Exam";
				PRODUCT_NAME = "$(TARGET_NAME)";
				SWIFT_EMIT_LOC_STRINGS = YES;
				SWIFT_VERSION = 5.0;
				TARGETED_DEVICE_FAMILY = "1,2";
			};
			name = Release;
		};
		DCFA9CD72A803B1C0074B3A5 /* Debug */ = {
			isa = XCBuildConfiguration;
			buildSettings = {
				ALWAYS_EMBED_SWIFT_STANDARD_LIBRARIES = YES;
				BUNDLE_LOADER = "$(TEST_HOST)";
				CODE_SIGN_STYLE = Automatic;
				CURRENT_PROJECT_VERSION = 1;
				GENERATE_INFOPLIST_FILE = YES;
				IPHONEOS_DEPLOYMENT_TARGET = 16.4;
				MARKETING_VERSION = 1.0;
				PRODUCT_BUNDLE_IDENTIFIER = "com.bryanposas.iOS-ExamTests";
				PRODUCT_NAME = "$(TARGET_NAME)";
				SWIFT_EMIT_LOC_STRINGS = NO;
				SWIFT_VERSION = 5.0;
				TARGETED_DEVICE_FAMILY = "1,2";
				TEST_HOST = "$(BUILT_PRODUCTS_DIR)/iOS-Exam.app/$(BUNDLE_EXECUTABLE_FOLDER_PATH)/iOS-Exam";
			};
			name = Debug;
		};
		DCFA9CD82A803B1C0074B3A5 /* Release */ = {
			isa = XCBuildConfiguration;
			buildSettings = {
				ALWAYS_EMBED_SWIFT_STANDARD_LIBRARIES = YES;
				BUNDLE_LOADER = "$(TEST_HOST)";
				CODE_SIGN_STYLE = Automatic;
				CURRENT_PROJECT_VERSION = 1;
				GENERATE_INFOPLIST_FILE = YES;
				IPHONEOS_DEPLOYMENT_TARGET = 16.4;
				MARKETING_VERSION = 1.0;
				PRODUCT_BUNDLE_IDENTIFIER = "com.bryanposas.iOS-ExamTests";
				PRODUCT_NAME = "$(TARGET_NAME)";
				SWIFT_EMIT_LOC_STRINGS = NO;
				SWIFT_VERSION = 5.0;
				TARGETED_DEVICE_FAMILY = "1,2";
				TEST_HOST = "$(BUILT_PRODUCTS_DIR)/iOS-Exam.app/$(BUNDLE_EXECUTABLE_FOLDER_PATH)/iOS-Exam";
			};
			name = Release;
		};
		DCFA9CDA2A803B1C0074B3A5 /* Debug */ = {
			isa = XCBuildConfiguration;
			buildSettings = {
				ALWAYS_EMBED_SWIFT_STANDARD_LIBRARIES = YES;
				CODE_SIGN_STYLE = Automatic;
				CURRENT_PROJECT_VERSION = 1;
				GENERATE_INFOPLIST_FILE = YES;
				MARKETING_VERSION = 1.0;
				PRODUCT_BUNDLE_IDENTIFIER = "com.bryanposas.iOS-ExamUITests";
				PRODUCT_NAME = "$(TARGET_NAME)";
				SWIFT_EMIT_LOC_STRINGS = NO;
				SWIFT_VERSION = 5.0;
				TARGETED_DEVICE_FAMILY = "1,2";
				TEST_TARGET_NAME = "iOS-Exam";
			};
			name = Debug;
		};
		DCFA9CDB2A803B1C0074B3A5 /* Release */ = {
			isa = XCBuildConfiguration;
			buildSettings = {
				ALWAYS_EMBED_SWIFT_STANDARD_LIBRARIES = YES;
				CODE_SIGN_STYLE = Automatic;
				CURRENT_PROJECT_VERSION = 1;
				GENERATE_INFOPLIST_FILE = YES;
				MARKETING_VERSION = 1.0;
				PRODUCT_BUNDLE_IDENTIFIER = "com.bryanposas.iOS-ExamUITests";
				PRODUCT_NAME = "$(TARGET_NAME)";
				SWIFT_EMIT_LOC_STRINGS = NO;
				SWIFT_VERSION = 5.0;
				TARGETED_DEVICE_FAMILY = "1,2";
				TEST_TARGET_NAME = "iOS-Exam";
			};
			name = Release;
		};
/* End XCBuildConfiguration section */

/* Begin XCConfigurationList section */
		DCFA9CA12A803B1A0074B3A5 /* Build configuration list for PBXProject "iOS-Exam" */ = {
			isa = XCConfigurationList;
			buildConfigurations = (
				DCFA9CD12A803B1C0074B3A5 /* Debug */,
				DCFA9CD22A803B1C0074B3A5 /* Release */,
			);
			defaultConfigurationIsVisible = 0;
			defaultConfigurationName = Release;
		};
		DCFA9CD32A803B1C0074B3A5 /* Build configuration list for PBXNativeTarget "iOS-Exam" */ = {
			isa = XCConfigurationList;
			buildConfigurations = (
				DCFA9CD42A803B1C0074B3A5 /* Debug */,
				DCFA9CD52A803B1C0074B3A5 /* Release */,
			);
			defaultConfigurationIsVisible = 0;
			defaultConfigurationName = Release;
		};
		DCFA9CD62A803B1C0074B3A5 /* Build configuration list for PBXNativeTarget "iOS-ExamTests" */ = {
			isa = XCConfigurationList;
			buildConfigurations = (
				DCFA9CD72A803B1C0074B3A5 /* Debug */,
				DCFA9CD82A803B1C0074B3A5 /* Release */,
			);
			defaultConfigurationIsVisible = 0;
			defaultConfigurationName = Release;
		};
		DCFA9CD92A803B1C0074B3A5 /* Build configuration list for PBXNativeTarget "iOS-ExamUITests" */ = {
			isa = XCConfigurationList;
			buildConfigurations = (
				DCFA9CDA2A803B1C0074B3A5 /* Debug */,
				DCFA9CDB2A803B1C0074B3A5 /* Release */,
			);
			defaultConfigurationIsVisible = 0;
			defaultConfigurationName = Release;
		};
/* End XCConfigurationList section */

/* Begin XCVersionGroup section */
		DCFA9CB22A803B1A0074B3A5 /* iOS_Exam.xcdatamodeld */ = {
			isa = XCVersionGroup;
			children = (
				DCFA9CB32A803B1A0074B3A5 /* iOS_Exam.xcdatamodel */,
			);
			currentVersion = DCFA9CB32A803B1A0074B3A5 /* iOS_Exam.xcdatamodel */;
			path = iOS_Exam.xcdatamodeld;
			sourceTree = "<group>";
			versionGroupType = wrapper.xcdatamodel;
		};
/* End XCVersionGroup section */
	};
	rootObject = DCFA9C9E2A803B1A0074B3A5 /* Project object */;
}
